
Microsoft Visual Studio Solution File, Format Version 12.00
# Visual Studio Version 17
VisualStudioVersion = 17.8.34511.84
MinimumVisualStudioVersion = 10.0.40219.1
Project("{9A19103F-16F7-4668-BE54-9A1E7A4F7556}") = "EasyCart.API.Public", "Api\EasyCart.API.Public.csproj", "{B645D0A6-1521-4731-950D-D5ADB99D25B9}"
EndProject
Global
	GlobalSection(SolutionConfigurationPlatforms) = preSolution
		Debug|Any CPU = Debug|Any CPU
		Release|Any CPU = Release|Any CPU
	EndGlobalSection
	GlobalSection(ProjectConfigurationPlatforms) = postSolution
		{B645D0A6-1521-4731-950D-D5ADB99D25B9}.Debug|Any CPU.ActiveCfg = Debug|Any CPU
		{B645D0A6-1521-4731-950D-D5ADB99D25B9}.Debug|Any CPU.Build.0 = Debug|Any CPU
		{B645D0A6-1521-4731-950D-D5ADB99D25B9}.Release|Any CPU.ActiveCfg = Release|Any CPU
		{B645D0A6-1521-4731-950D-D5ADB99D25B9}.Release|Any CPU.Build.0 = Release|Any CPU
	EndGlobalSection
	GlobalSection(SolutionProperties) = preSolution
		HideSolutionNode = FALSE
	EndGlobalSection
	GlobalSection(ExtensibilityGlobals) = postSolution
		SolutionGuid = {6B7DA82B-8D3B-4B2B-8396-6001B86A32CF}
	EndGlobalSection
EndGlobal
